
Microsoft Visual Studio Solution File, Format Version 12.00
# Visual Studio Version 17
VisualStudioVersion = 17.10.34928.147
MinimumVisualStudioVersion = 10.0.40219.1
Project("{9A19103F-16F7-4668-BE54-9A1E7A4F7556}") = "Milestone2PRG281", "MIlestone 2 Final\Milestone2PRG281.csproj", "{BEE588F8-CA10-4343-9108-AD5E5D84C4B7}"
EndProject
Global
	GlobalSection(SolutionConfigurationPlatforms) = preSolution
		Debug|Any CPU = Debug|Any CPU
		Release|Any CPU = Release|Any CPU
	EndGlobalSection
	GlobalSection(ProjectConfigurationPlatforms) = postSolution
		{BEE588F8-CA10-4343-9108-AD5E5D84C4B7}.Debug|Any CPU.ActiveCfg = Debug|Any CPU
		{BEE588F8-CA10-4343-9108-AD5E5D84C4B7}.Debug|Any CPU.Build.0 = Debug|Any CPU
		{BEE588F8-CA10-4343-9108-AD5E5D84C4B7}.Release|Any CPU.ActiveCfg = Release|Any CPU
		{BEE588F8-CA10-4343-9108-AD5E5D84C4B7}.Release|Any CPU.Build.0 = Release|Any CPU
	EndGlobalSection
	GlobalSection(SolutionProperties) = preSolution
		HideSolutionNode = FALSE
	EndGlobalSection
	GlobalSection(ExtensibilityGlobals) = postSolution
		SolutionGuid = {82A5C3B4-811E-49BC-96A9-3E5A8DD02370}
	EndGlobalSection
EndGlobal
